
Microsoft Visual Studio Solution File, Format Version 12.00
# Visual Studio 15
VisualStudioVersion = 15.0.26430.16
MinimumVisualStudioVersion = 10.0.40219.1
Project("{2150E333-8FDC-42A3-9474-1A3956D46DE8}") = "Solution Items", "Solution Items", "{339096F8-0550-4650-93B9-CB1242C43092}"
	ProjectSection(SolutionItems) = preProject
		AssemblyInfoShared.cs = AssemblyInfoShared.cs
		CodeAnalysis.CustomDictionary.xml = CodeAnalysis.CustomDictionary.xml
	EndProjectSection
EndProject
Project("{FAE04EC0-301F-11D3-BF4B-00C04F79EFBC}") = "Kangarooper.Search", "Kangarooper.Search\Kangarooper.Search.csproj", "{C7C9E27C-F8BC-4583-AF16-B01AD8A707FD}"
EndProject
Project("{FAE04EC0-301F-11D3-BF4B-00C04F79EFBC}") = "Kangarooper.Search.Test", "Kangarooper.Search.Test\Kangarooper.Search.Test.csproj", "{38D35FE0-1FD0-40CF-9E0F-DDDB63EAA61D}"
EndProject
Project("{FAE04EC0-301F-11D3-BF4B-00C04F79EFBC}") = "Kangarooper.Search.Unsafe", "Kangarooper.Search.Unsafe\Kangarooper.Search.Unsafe.csproj", "{D881789E-40E3-487F-9E54-344CE7C2F988}"
EndProject
Global
	GlobalSection(SolutionConfigurationPlatforms) = preSolution
		Debug|Any CPU = Debug|Any CPU
		Release|Any CPU = Release|Any CPU
	EndGlobalSection
	GlobalSection(ProjectConfigurationPlatforms) = postSolution
		{C7C9E27C-F8BC-4583-AF16-B01AD8A707FD}.Debug|Any CPU.ActiveCfg = Debug|Any CPU
		{C7C9E27C-F8BC-4583-AF16-B01AD8A707FD}.Debug|Any CPU.Build.0 = Debug|Any CPU
		{C7C9E27C-F8BC-4583-AF16-B01AD8A707FD}.Release|Any CPU.ActiveCfg = Release|Any CPU
		{C7C9E27C-F8BC-4583-AF16-B01AD8A707FD}.Release|Any CPU.Build.0 = Release|Any CPU
		{38D35FE0-1FD0-40CF-9E0F-DDDB63EAA61D}.Debug|Any CPU.ActiveCfg = Debug|Any CPU
		{38D35FE0-1FD0-40CF-9E0F-DDDB63EAA61D}.Debug|Any CPU.Build.0 = Debug|Any CPU
		{38D35FE0-1FD0-40CF-9E0F-DDDB63EAA61D}.Release|Any CPU.ActiveCfg = Release|Any CPU
		{38D35FE0-1FD0-40CF-9E0F-DDDB63EAA61D}.Release|Any CPU.Build.0 = Release|Any CPU
		{D881789E-40E3-487F-9E54-344CE7C2F988}.Debug|Any CPU.ActiveCfg = Debug|Any CPU
		{D881789E-40E3-487F-9E54-344CE7C2F988}.Debug|Any CPU.Build.0 = Debug|Any CPU
		{D881789E-40E3-487F-9E54-344CE7C2F988}.Release|Any CPU.ActiveCfg = Release|Any CPU
		{D881789E-40E3-487F-9E54-344CE7C2F988}.Release|Any CPU.Build.0 = Release|Any CPU
	EndGlobalSection
	GlobalSection(SolutionProperties) = preSolution
		HideSolutionNode = FALSE
	EndGlobalSection
	GlobalSection(TestCaseManagementSettings) = postSolution
		CategoryFile = SoftwareBotany.Sunlight.vsmdi
	EndGlobalSection
EndGlobal
